{
  "version": "5",
  "specifiers": {
    "jsr:@std/cli@^1.0.7": "1.0.25",
    "jsr:@std/streams@^1.0.13": "1.0.16",
    "jsr:@std/tar@~0.1.9": "0.1.9",
    "npm:playwright-core@^1.57.0": "1.57.0"
  },
  "jsr": {
    "@std/cli@1.0.25": {
      "integrity": "1f85051b370c97a7a9dfc6ba626e7ed57a91bea8c081597276d1e78d929d8c91"
    },
    "@std/streams@1.0.16": {
      "integrity": "85030627befb1767c60d4f65cb30fa2f94af1d6ee6e5b2515b76157a542e89c4"
    },
    "@std/tar@0.1.9": {
      "integrity": "9d684ddfbe66db61ade4b717e3b2519e3b09c7697f28edef2bef798d8d9083ba",
      "dependencies": [
        "jsr:@std/streams"
      ]
    }
  },
  "npm": {
    "playwright-core@1.57.0": {
      "integrity": "sha512-agTcKlMw/mjBWOnD6kFZttAAGHgi/Nw0CZ2o6JqWSbMlI219lAFLZZCyqByTsvVAJq5XA5H8cA6PrvBRpBWEuQ==",
      "bin": true
    }
  },
  "workspace": {
    "dependencies": [
      "jsr:@deno/dnt@~0.42.3",
      "jsr:@std/assert@^1.0.6",
      "jsr:@std/cli@^1.0.7",
      "jsr:@std/dotenv@~0.225.5",
      "jsr:@std/front-matter@^1.0.9",
      "jsr:@std/front_matter@~0.224.4",
      "jsr:@std/fs@^1.0.20",
      "jsr:@std/jsonc@^1.0.2",
      "jsr:@std/path@^1.0.6",
      "jsr:@std/tar@~0.1.9",
      "jsr:@std/toml@^1.0.9",
      "npm:openai@^4.78.1",
      "npm:playwright-core@^1.57.0",
      "npm:react-dom@^19.2.0",
      "npm:react@^19.2.0",
      "npm:zod-to-json-schema@^3.23.0",
      "npm:zod@^3.23.8"
    ]
  }
}
